
Microsoft Visual Studio Solution File, Format Version 12.00
# Visual Studio 2013
VisualStudioVersion = 12.0.30501.0
MinimumVisualStudioVersion = 10.0.40219.1
Project("{FAE04EC0-301F-11D3-BF4B-00C04F79EFBC}") = "UmbracoExamine.TempStorage", "UmbracoExamine.TempStorage.csproj", "{055B8751-19E5-4356-BFE9-2C63E58688F9}"
EndProject
Project("{2150E333-8FDC-42A3-9474-1A3956D46DE8}") = ".nuget", ".nuget", "{FC2BF16B-60B6-40DD-89F1-0820D29C5B1E}"
	ProjectSection(SolutionItems) = preProject
		.nuget\NuGet.Config = .nuget\NuGet.Config
		.nuget\NuGet.exe = .nuget\NuGet.exe
		.nuget\NuGet.targets = .nuget\NuGet.targets
	EndProjectSection
EndProject
Project("{FAE04EC0-301F-11D3-BF4B-00C04F79EFBC}") = "UmbracoExamine.TempStorage.Tests", "..\UmbracoExamine.TempStorage.Tests\UmbracoExamine.TempStorage.Tests.csproj", "{79553A35-F4F4-4700-976C-2B2DE8EB88CB}"
EndProject
Global
	GlobalSection(SolutionConfigurationPlatforms) = preSolution
		Debug|Any CPU = Debug|Any CPU
		Release|Any CPU = Release|Any CPU
	EndGlobalSection
	GlobalSection(ProjectConfigurationPlatforms) = postSolution
		{055B8751-19E5-4356-BFE9-2C63E58688F9}.Debug|Any CPU.ActiveCfg = Debug|Any CPU
		{055B8751-19E5-4356-BFE9-2C63E58688F9}.Debug|Any CPU.Build.0 = Debug|Any CPU
		{055B8751-19E5-4356-BFE9-2C63E58688F9}.Release|Any CPU.ActiveCfg = Release|Any CPU
		{055B8751-19E5-4356-BFE9-2C63E58688F9}.Release|Any CPU.Build.0 = Release|Any CPU
		{79553A35-F4F4-4700-976C-2B2DE8EB88CB}.Debug|Any CPU.ActiveCfg = Debug|Any CPU
		{79553A35-F4F4-4700-976C-2B2DE8EB88CB}.Debug|Any CPU.Build.0 = Debug|Any CPU
		{79553A35-F4F4-4700-976C-2B2DE8EB88CB}.Release|Any CPU.ActiveCfg = Release|Any CPU
		{79553A35-F4F4-4700-976C-2B2DE8EB88CB}.Release|Any CPU.Build.0 = Release|Any CPU
	EndGlobalSection
	GlobalSection(SolutionProperties) = preSolution
		HideSolutionNode = FALSE
	EndGlobalSection
EndGlobal
